
Microsoft Visual Studio Solution File, Format Version 12.00
# Visual Studio Version 17
VisualStudioVersion = 17.7.34031.279
MinimumVisualStudioVersion = 10.0.40219.1
Project("{FAE04EC0-301F-11D3-BF4B-00C04F79EFBC}") = "SalesWeb", "SalesWeb\SalesWeb.csproj", "{7EFB472E-8391-4EFC-A08C-AAE8667DD18D}"
EndProject
Global
	GlobalSection(SolutionConfigurationPlatforms) = preSolution
		Debug|Any CPU = Debug|Any CPU
		Release|Any CPU = Release|Any CPU
	EndGlobalSection
	GlobalSection(ProjectConfigurationPlatforms) = postSolution
		{7EFB472E-8391-4EFC-A08C-AAE8667DD18D}.Debug|Any CPU.ActiveCfg = Debug|Any CPU
		{7EFB472E-8391-4EFC-A08C-AAE8667DD18D}.Debug|Any CPU.Build.0 = Debug|Any CPU
		{7EFB472E-8391-4EFC-A08C-AAE8667DD18D}.Release|Any CPU.ActiveCfg = Release|Any CPU
		{7EFB472E-8391-4EFC-A08C-AAE8667DD18D}.Release|Any CPU.Build.0 = Release|Any CPU
	EndGlobalSection
	GlobalSection(SolutionProperties) = preSolution
		HideSolutionNode = FALSE
	EndGlobalSection
	GlobalSection(ExtensibilityGlobals) = postSolution
		SolutionGuid = {115C89CF-9691-4C9D-910E-EC3E2F11B668}
	EndGlobalSection
EndGlobal
